
Microsoft Visual Studio Solution File, Format Version 12.00
# Visual Studio 15
VisualStudioVersion = 15.0.27130.2027
MinimumVisualStudioVersion = 10.0.40219.1
Project("{FAE04EC0-301F-11D3-BF4B-00C04F79EFBC}") = "CloudflareCacheTagMiddleware", "CloudflareCacheTagMiddleware\CloudflareCacheTagMiddleware.csproj", "{83D9F1ED-C7A0-4ACC-8DAB-52E3BA648F62}"
EndProject
Global
	GlobalSection(SolutionConfigurationPlatforms) = preSolution
		Debug|Any CPU = Debug|Any CPU
		Release|Any CPU = Release|Any CPU
	EndGlobalSection
	GlobalSection(ProjectConfigurationPlatforms) = postSolution
		{83D9F1ED-C7A0-4ACC-8DAB-52E3BA648F62}.Debug|Any CPU.ActiveCfg = Debug|Any CPU
		{83D9F1ED-C7A0-4ACC-8DAB-52E3BA648F62}.Debug|Any CPU.Build.0 = Debug|Any CPU
		{83D9F1ED-C7A0-4ACC-8DAB-52E3BA648F62}.Release|Any CPU.ActiveCfg = Release|Any CPU
		{83D9F1ED-C7A0-4ACC-8DAB-52E3BA648F62}.Release|Any CPU.Build.0 = Release|Any CPU
	EndGlobalSection
	GlobalSection(SolutionProperties) = preSolution
		HideSolutionNode = FALSE
	EndGlobalSection
	GlobalSection(ExtensibilityGlobals) = postSolution
		SolutionGuid = {7CA7B309-4FAA-4F6F-847B-B83745446C3B}
	EndGlobalSection
EndGlobal
